// !$*UTF8*$!
{
	archiveVersion = 1;
	classes = {
	};
	objectVersion = 46;
	objects = {

/* Begin PBXBuildFile section */
		27CFC714192F81F300265B92 /* Foundation.framework in Frameworks */ = {isa = PBXBuildFile; fileRef = 27CFC713192F81F300265B92 /* Foundation.framework */; };
		27CFC716192F81F300265B92 /* CoreGraphics.framework in Frameworks */ = {isa = PBXBuildFile; fileRef = 27CFC715192F81F300265B92 /* CoreGraphics.framework */; };
		27CFC718192F81F300265B92 /* UIKit.framework in Frameworks */ = {isa = PBXBuildFile; fileRef = 27CFC717192F81F300265B92 /* UIKit.framework */; };
		27CFC71E192F81F300265B92 /* InfoPlist.strings in Resources */ = {isa = PBXBuildFile; fileRef = 27CFC71C192F81F300265B92 /* InfoPlist.strings */; };
		27CFC720192F81F300265B92 /* main.m in Sources */ = {isa = PBXBuildFile; fileRef = 27CFC71F192F81F300265B92 /* main.m */; };
		27CFC724192F81F300265B92 /* LocationItemsAppDelegate.m in Sources */ = {isa = PBXBuildFile; fileRef = 27CFC723192F81F300265B92 /* LocationItemsAppDelegate.m */; };
		27CFC727192F81F300265B92 /* Main.storyboard in Resources */ = {isa = PBXBuildFile; fileRef = 27CFC725192F81F300265B92 /* Main.storyboard */; };
		27CFC72A192F81F300265B92 /* LocationItemsMainViewController.m in Sources */ = {isa = PBXBuildFile; fileRef = 27CFC729192F81F300265B92 /* LocationItemsMainViewController.m */; };
		27CFC72D192F81F300265B92 /* LocationItemsFlipsideViewController.m in Sources */ = {isa = PBXBuildFile; fileRef = 27CFC72C192F81F300265B92 /* LocationItemsFlipsideViewController.m */; };
		27CFC72F192F81F300265B92 /* Images.xcassets in Resources */ = {isa = PBXBuildFile; fileRef = 27CFC72E192F81F300265B92 /* Images.xcassets */; };
		27CFC736192F81F300265B92 /* XCTest.framework in Frameworks */ = {isa = PBXBuildFile; fileRef = 27CFC735192F81F300265B92 /* XCTest.framework */; };
		27CFC737192F81F300265B92 /* Foundation.framework in Frameworks */ = {isa = PBXBuildFile; fileRef = 27CFC713192F81F300265B92 /* Foundation.framework */; };
		27CFC738192F81F300265B92 /* UIKit.framework in Frameworks */ = {isa = PBXBuildFile; fileRef = 27CFC717192F81F300265B92 /* UIKit.framework */; };
		27CFC740192F81F300265B92 /* InfoPlist.strings in Resources */ = {isa = PBXBuildFile; fileRef = 27CFC73E192F81F300265B92 /* InfoPlist.strings */; };
		27CFC742192F81F300265B92 /* LocationItemsTests.m in Sources */ = {isa = PBXBuildFile; fileRef = 27CFC741192F81F300265B92 /* LocationItemsTests.m */; };
		27CFC74D192F82F500265B92 /* LocationItemsWebViewController.m in Sources */ = {isa = PBXBuildFile; fileRef = 27CFC74C192F82F500265B92 /* LocationItemsWebViewController.m */; };
		27CFC74F192F8A2F00265B92 /* CoreLocation.framework in Frameworks */ = {isa = PBXBuildFile; fileRef = 27CFC74E192F8A2F00265B92 /* CoreLocation.framework */; };
		27CFC751192FA30F00265B92 /* Nana-Mizuki-LINKAGE-lyrics.jpg in Resources */ = {isa = PBXBuildFile; fileRef = 27CFC750192FA30F00265B92 /* Nana-Mizuki-LINKAGE-lyrics.jpg */; };
/* End PBXBuildFile section */

/* Begin PBXContainerItemProxy section */
		27CFC739192F81F300265B92 /* PBXContainerItemProxy */ = {
			isa = PBXContainerItemProxy;
			containerPortal = 27CFC708192F81F200265B92 /* Project object */;
			proxyType = 1;
			remoteGlobalIDString = 27CFC70F192F81F200265B92;
			remoteInfo = LocationItems;
		};
/* End PBXContainerItemProxy section */

/* Begin PBXFileReference section */
		27CFC710192F81F300265B92 /* LocationItems.app */ = {isa = PBXFileReference; explicitFileType = wrapper.application; includeInIndex = 0; path = LocationItems.app; sourceTree = BUILT_PRODUCTS_DIR; };
		27CFC713192F81F300265B92 /* Foundation.framework */ = {isa = PBXFileReference; lastKnownFileType = wrapper.framework; name = Foundation.framework; path = System/Library/Frameworks/Foundation.framework; sourceTree = SDKROOT; };
		27CFC715192F81F300265B92 /* CoreGraphics.framework */ = {isa = PBXFileReference; lastKnownFileType = wrapper.framework; name = CoreGraphics.framework; path = System/Library/Frameworks/CoreGraphics.framework; sourceTree = SDKROOT; };
		27CFC717192F81F300265B92 /* UIKit.framework */ = {isa = PBXFileReference; lastKnownFileType = wrapper.framework; name = UIKit.framework; path = System/Library/Frameworks/UIKit.framework; sourceTree = SDKROOT; };
		27CFC71B192F81F300265B92 /* LocationItems-Info.plist */ = {isa = PBXFileReference; lastKnownFileType = text.plist.xml; path = "LocationItems-Info.plist"; sourceTree = "<group>"; };
		27CFC71D192F81F300265B92 /* en */ = {isa = PBXFileReference; lastKnownFileType = text.plist.strings; name = en; path = en.lproj/InfoPlist.strings; sourceTree = "<group>"; };
		27CFC71F192F81F300265B92 /* main.m */ = {isa = PBXFileReference; lastKnownFileType = sourcecode.c.objc; path = main.m; sourceTree = "<group>"; };
		27CFC721192F81F300265B92 /* LocationItems-Prefix.pch */ = {isa = PBXFileReference; lastKnownFileType = sourcecode.c.h; path = "LocationItems-Prefix.pch"; sourceTree = "<group>"; };
		27CFC722192F81F300265B92 /* LocationItemsAppDelegate.h */ = {isa = PBXFileReference; lastKnownFileType = sourcecode.c.h; path = LocationItemsAppDelegate.h; sourceTree = "<group>"; };
		27CFC723192F81F300265B92 /* LocationItemsAppDelegate.m */ = {isa = PBXFileReference; lastKnownFileType = sourcecode.c.objc; path = LocationItemsAppDelegate.m; sourceTree = "<group>"; };
		27CFC726192F81F300265B92 /* Base */ = {isa = PBXFileReference; lastKnownFileType = file.storyboard; name = Base; path = Base.lproj/Main.storyboard; sourceTree = "<group>"; };
		27CFC728192F81F300265B92 /* LocationItemsMainViewController.h */ = {isa = PBXFileReference; lastKnownFileType = sourcecode.c.h; path = LocationItemsMainViewController.h; sourceTree = "<group>"; };
		27CFC729192F81F300265B92 /* LocationItemsMainViewController.m */ = {isa = PBXFileReference; lastKnownFileType = sourcecode.c.objc; path = LocationItemsMainViewController.m; sourceTree = "<group>"; };
		27CFC72B192F81F300265B92 /* LocationItemsFlipsideViewController.h */ = {isa = PBXFileReference; lastKnownFileType = sourcecode.c.h; path = LocationItemsFlipsideViewController.h; sourceTree = "<group>"; };
		27CFC72C192F81F300265B92 /* LocationItemsFlipsideViewController.m */ = {isa = PBXFileReference; lastKnownFileType = sourcecode.c.objc; path = LocationItemsFlipsideViewController.m; sourceTree = "<group>"; };
		27CFC72E192F81F300265B92 /* Images.xcassets */ = {isa = PBXFileReference; lastKnownFileType = folder.assetcatalog; path = Images.xcassets; sourceTree = "<group>"; };
		27CFC734192F81F300265B92 /* LocationItemsTests.xctest */ = {isa = PBXFileReference; explicitFileType = wrapper.cfbundle; includeInIndex = 0; path = LocationItemsTests.xctest; sourceTree = BUILT_PRODUCTS_DIR; };
		27CFC735192F81F300265B92 /* XCTest.framework */ = {isa = PBXFileReference; lastKnownFileType = wrapper.framework; name = XCTest.framework; path = Library/Frameworks/XCTest.framework; sourceTree = DEVELOPER_DIR; };
		27CFC73D192F81F300265B92 /* LocationItemsTests-Info.plist */ = {isa = PBXFileReference; lastKnownFileType = text.plist.xml; path = "LocationItemsTests-Info.plist"; sourceTree = "<group>"; };
		27CFC73F192F81F300265B92 /* en */ = {isa = PBXFileReference; lastKnownFileType = text.plist.strings; name = en; path = en.lproj/InfoPlist.strings; sourceTree = "<group>"; };
		27CFC741192F81F300265B92 /* LocationItemsTests.m */ = {isa = PBXFileReference; lastKnownFileType = sourcecode.c.objc; path = LocationItemsTests.m; sourceTree = "<group>"; };
		27CFC74B192F82F500265B92 /* LocationItemsWebViewController.h */ = {isa = PBXFileReference; fileEncoding = 4; lastKnownFileType = sourcecode.c.h; path = LocationItemsWebViewController.h; sourceTree = SOURCE_ROOT; };
		27CFC74C192F82F500265B92 /* LocationItemsWebViewController.m */ = {isa = PBXFileReference; fileEncoding = 4; lastKnownFileType = sourcecode.c.objc; path = LocationItemsWebViewController.m; sourceTree = SOURCE_ROOT; };
		27CFC74E192F8A2F00265B92 /* CoreLocation.framework */ = {isa = PBXFileReference; lastKnownFileType = wrapper.framework; name = CoreLocation.framework; path = System/Library/Frameworks/CoreLocation.framework; sourceTree = SDKROOT; };
		27CFC750192FA30F00265B92 /* Nana-Mizuki-LINKAGE-lyrics.jpg */ = {isa = PBXFileReference; lastKnownFileType = image.jpeg; path = "Nana-Mizuki-LINKAGE-lyrics.jpg"; sourceTree = "<group>"; };
/* End PBXFileReference section */

/* Begin PBXFrameworksBuildPhase section */
		27CFC70D192F81F200265B92 /* Frameworks */ = {
			isa = PBXFrameworksBuildPhase;
			buildActionMask = 2147483647;
			files = (
				27CFC74F192F8A2F00265B92 /* CoreLocation.framework in Frameworks */,
				27CFC716192F81F300265B92 /* CoreGraphics.framework in Frameworks */,
				27CFC718192F81F300265B92 /* UIKit.framework in Frameworks */,
				27CFC714192F81F300265B92 /* Foundation.framework in Frameworks */,
			);
			runOnlyForDeploymentPostprocessing = 0;
		};
		27CFC731192F81F300265B92 /* Frameworks */ = {
			isa = PBXFrameworksBuildPhase;
			buildActionMask = 2147483647;
			files = (
				27CFC736192F81F300265B92 /* XCTest.framework in Frameworks */,
				27CFC738192F81F300265B92 /* UIKit.framework in Frameworks */,
				27CFC737192F81F300265B92 /* Foundation.framework in Frameworks */,
			);
			runOnlyForDeploymentPostprocessing = 0;
		};
/* End PBXFrameworksBuildPhase section */

/* Begin PBXGroup section */
		27CFC707192F81F200265B92 = {
			isa = PBXGroup;
			children = (
				27CFC752192FA31700265B92 /* Images */,
				27CFC719192F81F300265B92 /* LocationItems */,
				27CFC73B192F81F300265B92 /* LocationItemsTests */,
				27CFC712192F81F300265B92 /* Frameworks */,
				27CFC711192F81F300265B92 /* Products */,
			);
			sourceTree = "<group>";
		};
		27CFC711192F81F300265B92 /* Products */ = {
			isa = PBXGroup;
			children = (
				27CFC710192F81F300265B92 /* LocationItems.app */,
				27CFC734192F81F300265B92 /* LocationItemsTests.xctest */,
			);
			name = Products;
			sourceTree = "<group>";
		};
		27CFC712192F81F300265B92 /* Frameworks */ = {
			isa = PBXGroup;
			children = (
				27CFC74E192F8A2F00265B92 /* CoreLocation.framework */,
				27CFC713192F81F300265B92 /* Foundation.framework */,
				27CFC715192F81F300265B92 /* CoreGraphics.framework */,
				27CFC717192F81F300265B92 /* UIKit.framework */,
				27CFC735192F81F300265B92 /* XCTest.framework */,
			);
			name = Frameworks;
			sourceTree = "<group>";
		};
		27CFC719192F81F300265B92 /* LocationItems */ = {
			isa = PBXGroup;
			children = (
				27CFC722192F81F300265B92 /* LocationItemsAppDelegate.h */,
				27CFC723192F81F300265B92 /* LocationItemsAppDelegate.m */,
				27CFC725192F81F300265B92 /* Main.storyboard */,
				27CFC728192F81F300265B92 /* LocationItemsMainViewController.h */,
				27CFC729192F81F300265B92 /* LocationItemsMainViewController.m */,
				27CFC72B192F81F300265B92 /* LocationItemsFlipsideViewController.h */,
				27CFC72C192F81F300265B92 /* LocationItemsFlipsideViewController.m */,
				27CFC74B192F82F500265B92 /* LocationItemsWebViewController.h */,
				27CFC74C192F82F500265B92 /* LocationItemsWebViewController.m */,
				27CFC72E192F81F300265B92 /* Images.xcassets */,
				27CFC71A192F81F300265B92 /* Supporting Files */,
			);
			path = LocationItems;
			sourceTree = "<group>";
		};
		27CFC71A192F81F300265B92 /* Supporting Files */ = {
			isa = PBXGroup;
			children = (
				27CFC71B192F81F300265B92 /* LocationItems-Info.plist */,
				27CFC71C192F81F300265B92 /* InfoPlist.strings */,
				27CFC71F192F81F300265B92 /* main.m */,
				27CFC721192F81F300265B92 /* LocationItems-Prefix.pch */,
			);
			name = "Supporting Files";
			sourceTree = "<group>";
		};
		27CFC73B192F81F300265B92 /* LocationItemsTests */ = {
			isa = PBXGroup;
			children = (
				27CFC741192F81F300265B92 /* LocationItemsTests.m */,
				27CFC73C192F81F300265B92 /* Supporting Files */,
			);
			path = LocationItemsTests;
			sourceTree = "<group>";
		};
		27CFC73C192F81F300265B92 /* Supporting Files */ = {
			isa = PBXGroup;
			children = (
				27CFC73D192F81F300265B92 /* LocationItemsTests-Info.plist */,
				27CFC73E192F81F300265B92 /* InfoPlist.strings */,
			);
			name = "Supporting Files";
			sourceTree = "<group>";
		};
		27CFC752192FA31700265B92 /* Images */ = {
			isa = PBXGroup;
			children = (
				27CFC750192FA30F00265B92 /* Nana-Mizuki-LINKAGE-lyrics.jpg */,
			);
			name = Images;
			sourceTree = "<group>";
		};
/* End PBXGroup section */

/* Begin PBXNativeTarget section */
		27CFC70F192F81F200265B92 /* LocationItems */ = {
			isa = PBXNativeTarget;
			buildConfigurationList = 27CFC745192F81F400265B92 /* Build configuration list for PBXNativeTarget "LocationItems" */;
			buildPhases = (
				27CFC70C192F81F200265B92 /* Sources */,
				27CFC70D192F81F200265B92 /* Frameworks */,
				27CFC70E192F81F200265B92 /* Resources */,
			);
			buildRules = (
			);
			dependencies = (
			);
			name = LocationItems;
			productName = LocationItems;
			productReference = 27CFC710192F81F300265B92 /* LocationItems.app */;
			productType = "com.apple.product-type.application";
		};
		27CFC733192F81F300265B92 /* LocationItemsTests */ = {
			isa = PBXNativeTarget;
			buildConfigurationList = 27CFC748192F81F400265B92 /* Build configuration list for PBXNativeTarget "LocationItemsTests" */;
			buildPhases = (
				27CFC730192F81F300265B92 /* Sources */,
				27CFC731192F81F300265B92 /* Frameworks */,
				27CFC732192F81F300265B92 /* Resources */,
			);
			buildRules = (
			);
			dependencies = (
				27CFC73A192F81F300265B92 /* PBXTargetDependency */,
			);
			name = LocationItemsTests;
			productName = LocationItemsTests;
			productReference = 27CFC734192F81F300265B92 /* LocationItemsTests.xctest */;
			productType = "com.apple.product-type.bundle.unit-test";
		};
/* End PBXNativeTarget section */

/* Begin PBXProject section */
		27CFC708192F81F200265B92 /* Project object */ = {
			isa = PBXProject;
			attributes = {
				CLASSPREFIX = LocationItems;
				LastUpgradeCheck = 0510;
				ORGANIZATIONNAME = "___FULLUSERNAME___";
				TargetAttributes = {
					27CFC733192F81F300265B92 = {
						TestTargetID = 27CFC70F192F81F200265B92;
					};
				};
			};
			buildConfigurationList = 27CFC70B192F81F200265B92 /* Build configuration list for PBXProject "LocationItems" */;
			compatibilityVersion = "Xcode 3.2";
			developmentRegion = English;
			hasScannedForEncodings = 0;
			knownRegions = (
				en,
				Base,
			);
			mainGroup = 27CFC707192F81F200265B92;
			productRefGroup = 27CFC711192F81F300265B92 /* Products */;
			projectDirPath = "";
			projectRoot = "";
			targets = (
				27CFC70F192F81F200265B92 /* LocationItems */,
				27CFC733192F81F300265B92 /* LocationItemsTests */,
			);
		};
/* End PBXProject section */

/* Begin PBXResourcesBuildPhase section */
		27CFC70E192F81F200265B92 /* Resources */ = {
			isa = PBXResourcesBuildPhase;
			buildActionMask = 2147483647;
			files = (
				27CFC751192FA30F00265B92 /* Nana-Mizuki-LINKAGE-lyrics.jpg in Resources */,
				27CFC72F192F81F300265B92 /* Images.xcassets in Resources */,
				27CFC71E192F81F300265B92 /* InfoPlist.strings in Resources */,
				27CFC727192F81F300265B92 /* Main.storyboard in Resources */,
			);
			runOnlyForDeploymentPostprocessing = 0;
		};
		27CFC732192F81F300265B92 /* Resources */ = {
			isa = PBXResourcesBuildPhase;
			buildActionMask = 2147483647;
			files = (
				27CFC740192F81F300265B92 /* InfoPlist.strings in Resources */,
			);
			runOnlyForDeploymentPostprocessing = 0;
		};
/* End PBXResourcesBuildPhase section */

/* Begin PBXSourcesBuildPhase section */
		27CFC70C192F81F200265B92 /* Sources */ = {
			isa = PBXSourcesBuildPhase;
			buildActionMask = 2147483647;
			files = (
				27CFC724192F81F300265B92 /* LocationItemsAppDelegate.m in Sources */,
				27CFC72A192F81F300265B92 /* LocationItemsMainViewController.m in Sources */,
				27CFC72D192F81F300265B92 /* LocationItemsFlipsideViewController.m in Sources */,
				27CFC74D192F82F500265B92 /* LocationItemsWebViewController.m in Sources */,
				27CFC720192F81F300265B92 /* main.m in Sources */,
			);
			runOnlyForDeploymentPostprocessing = 0;
		};
		27CFC730192F81F300265B92 /* Sources */ = {
			isa = PBXSourcesBuildPhase;
			buildActionMask = 2147483647;
			files = (
				27CFC742192F81F300265B92 /* LocationItemsTests.m in Sources */,
			);
			runOnlyForDeploymentPostprocessing = 0;
		};
/* End PBXSourcesBuildPhase section */

/* Begin PBXTargetDependency section */
		27CFC73A192F81F300265B92 /* PBXTargetDependency */ = {
			isa = PBXTargetDependency;
			target = 27CFC70F192F81F200265B92 /* LocationItems */;
			targetProxy = 27CFC739192F81F300265B92 /* PBXContainerItemProxy */;
		};
/* End PBXTargetDependency section */

/* Begin PBXVariantGroup section */
		27CFC71C192F81F300265B92 /* InfoPlist.strings */ = {
			isa = PBXVariantGroup;
			children = (
				27CFC71D192F81F300265B92 /* en */,
			);
			name = InfoPlist.strings;
			sourceTree = "<group>";
		};
		27CFC725192F81F300265B92 /* Main.storyboard */ = {
			isa = PBXVariantGroup;
			children = (
				27CFC726192F81F300265B92 /* Base */,
			);
			name = Main.storyboard;
			sourceTree = "<group>";
		};
		27CFC73E192F81F300265B92 /* InfoPlist.strings */ = {
			isa = PBXVariantGroup;
			children = (
				27CFC73F192F81F300265B92 /* en */,
			);
			name = InfoPlist.strings;
			sourceTree = "<group>";
		};
/* End PBXVariantGroup section */

/* Begin XCBuildConfiguration section */
		27CFC743192F81F400265B92 /* Debug */ = {
			isa = XCBuildConfiguration;
			buildSettings = {
				ALWAYS_SEARCH_USER_PATHS = NO;
				CLANG_CXX_LANGUAGE_STANDARD = "gnu++0x";
				CLANG_CXX_LIBRARY = "libc++";
				CLANG_ENABLE_MODULES = YES;
				CLANG_ENABLE_OBJC_ARC = YES;
				CLANG_WARN_BOOL_CONVERSION = YES;
				CLANG_WARN_CONSTANT_CONVERSION = YES;
				CLANG_WARN_DIRECT_OBJC_ISA_USAGE = YES_ERROR;
				CLANG_WARN_EMPTY_BODY = YES;
				CLANG_WARN_ENUM_CONVERSION = YES;
				CLANG_WARN_INT_CONVERSION = YES;
				CLANG_WARN_OBJC_ROOT_CLASS = YES_ERROR;
				CLANG_WARN__DUPLICATE_METHOD_MATCH = YES;
				"CODE_SIGN_IDENTITY[sdk=iphoneos*]" = "iPhone Developer";
				COPY_PHASE_STRIP = NO;
				GCC_C_LANGUAGE_STANDARD = gnu99;
				GCC_DYNAMIC_NO_PIC = NO;
				GCC_OPTIMIZATION_LEVEL = 0;
				GCC_PREPROCESSOR_DEFINITIONS = (
					"DEBUG=1",
					"$(inherited)",
				);
				GCC_SYMBOLS_PRIVATE_EXTERN = NO;
				GCC_WARN_64_TO_32_BIT_CONVERSION = YES;
				GCC_WARN_ABOUT_RETURN_TYPE = YES_ERROR;
				GCC_WARN_UNDECLARED_SELECTOR = YES;
				GCC_WARN_UNINITIALIZED_AUTOS = YES_AGGRESSIVE;
				GCC_WARN_UNUSED_FUNCTION = YES;
				GCC_WARN_UNUSED_VARIABLE = YES;
				IPHONEOS_DEPLOYMENT_TARGET = 7.1;
				ONLY_ACTIVE_ARCH = YES;
				SDKROOT = iphoneos;
			};
			name = Debug;
		};
		27CFC744192F81F400265B92 /* Release */ = {
			isa = XCBuildConfiguration;
			buildSettings = {
				ALWAYS_SEARCH_USER_PATHS = NO;
				CLANG_CXX_LANGUAGE_STANDARD = "gnu++0x";
				CLANG_CXX_LIBRARY = "libc++";
				CLANG_ENABLE_MODULES = YES;
				CLANG_ENABLE_OBJC_ARC = YES;
				CLANG_WARN_BOOL_CONVERSION = YES;
				CLANG_WARN_CONSTANT_CONVERSION = YES;
				CLANG_WARN_DIRECT_OBJC_ISA_USAGE = YES_ERROR;
				CLANG_WARN_EMPTY_BODY = YES;
				CLANG_WARN_ENUM_CONVERSION = YES;
				CLANG_WARN_INT_CONVERSION = YES;
				CLANG_WARN_OBJC_ROOT_CLASS = YES_ERROR;
				CLANG_WARN__DUPLICATE_METHOD_MATCH = YES;
				"CODE_SIGN_IDENTITY[sdk=iphoneos*]" = "iPhone Developer";
				COPY_PHASE_STRIP = YES;
				ENABLE_NS_ASSERTIONS = NO;
				GCC_C_LANGUAGE_STANDARD = gnu99;
				GCC_WARN_64_TO_32_BIT_CONVERSION = YES;
				GCC_WARN_ABOUT_RETURN_TYPE = YES_ERROR;
				GCC_WARN_UNDECLARED_SELECTOR = YES;
				GCC_WARN_UNINITIALIZED_AUTOS = YES_AGGRESSIVE;
				GCC_WARN_UNUSED_FUNCTION = YES;
				GCC_WARN_UNUSED_VARIABLE = YES;
				IPHONEOS_DEPLOYMENT_TARGET = 7.1;
				SDKROOT = iphoneos;
				VALIDATE_PRODUCT = YES;
			};
			name = Release;
		};
		27CFC746192F81F400265B92 /* Debug */ = {
			isa = XCBuildConfiguration;
			buildSettings = {
				ASSETCATALOG_COMPILER_APPICON_NAME = AppIcon;
				ASSETCATALOG_COMPILER_LAUNCHIMAGE_NAME = LaunchImage;
				GCC_PRECOMPILE_PREFIX_HEADER = YES;
				GCC_PREFIX_HEADER = "LocationItems/LocationItems-Prefix.pch";
				INFOPLIST_FILE = "LocationItems/LocationItems-Info.plist";
				PRODUCT_NAME = "$(TARGET_NAME)";
				WRAPPER_EXTENSION = app;
			};
			name = Debug;
		};
		27CFC747192F81F400265B92 /* Release */ = {
			isa = XCBuildConfiguration;
			buildSettings = {
				ASSETCATALOG_COMPILER_APPICON_NAME = AppIcon;
				ASSETCATALOG_COMPILER_LAUNCHIMAGE_NAME = LaunchImage;
				GCC_PRECOMPILE_PREFIX_HEADER = YES;
				GCC_PREFIX_HEADER = "LocationItems/LocationItems-Prefix.pch";
				INFOPLIST_FILE = "LocationItems/LocationItems-Info.plist";
				PRODUCT_NAME = "$(TARGET_NAME)";
				WRAPPER_EXTENSION = app;
			};
			name = Release;
		};
		27CFC749192F81F400265B92 /* Debug */ = {
			isa = XCBuildConfiguration;
			buildSettings = {
				BUNDLE_LOADER = "$(BUILT_PRODUCTS_DIR)/LocationItems.app/LocationItems";
				FRAMEWORK_SEARCH_PATHS = (
					"$(SDKROOT)/Developer/Library/Frameworks",
					"$(inherited)",
					"$(DEVELOPER_FRAMEWORKS_DIR)",
				);
				GCC_PRECOMPILE_PREFIX_HEADER = YES;
				GCC_PREFIX_HEADER = "LocationItems/LocationItems-Prefix.pch";
				GCC_PREPROCESSOR_DEFINITIONS = (
					"DEBUG=1",
					"$(inherited)",
				);
				INFOPLIST_FILE = "LocationItemsTests/LocationItemsTests-Info.plist";
				PRODUCT_NAME = "$(TARGET_NAME)";
				TEST_HOST = "$(BUNDLE_LOADER)";
				WRAPPER_EXTENSION = xctest;
			};
			name = Debug;
		};
		27CFC74A192F81F400265B92 /* Release */ = {
			isa = XCBuildConfiguration;
			buildSettings = {
				BUNDLE_LOADER = "$(BUILT_PRODUCTS_DIR)/LocationItems.app/LocationItems";
				FRAMEWORK_SEARCH_PATHS = (
					"$(SDKROOT)/Developer/Library/Frameworks",
					"$(inherited)",
					"$(DEVELOPER_FRAMEWORKS_DIR)",
				);
				GCC_PRECOMPILE_PREFIX_HEADER = YES;
				GCC_PREFIX_HEADER = "LocationItems/LocationItems-Prefix.pch";
				INFOPLIST_FILE = "LocationItemsTests/LocationItemsTests-Info.plist";
				PRODUCT_NAME = "$(TARGET_NAME)";
				TEST_HOST = "$(BUNDLE_LOADER)";
				WRAPPER_EXTENSION = xctest;
			};
			name = Release;
		};
/* End XCBuildConfiguration section */

/* Begin XCConfigurationList section */
		27CFC70B192F81F200265B92 /* Build configuration list for PBXProject "LocationItems" */ = {
			isa = XCConfigurationList;
			buildConfigurations = (
				27CFC743192F81F400265B92 /* Debug */,
				27CFC744192F81F400265B92 /* Release */,
			);
			defaultConfigurationIsVisible = 0;
			defaultConfigurationName = Release;
		};
		27CFC745192F81F400265B92 /* Build configuration list for PBXNativeTarget "LocationItems" */ = {
			isa = XCConfigurationList;
			buildConfigurations = (
				27CFC746192F81F400265B92 /* Debug */,
				27CFC747192F81F400265B92 /* Release */,
			);
			defaultConfigurationIsVisible = 0;
		};
		27CFC748192F81F400265B92 /* Build configuration list for PBXNativeTarget "LocationItemsTests" */ = {
			isa = XCConfigurationList;
			buildConfigurations = (
				27CFC749192F81F400265B92 /* Debug */,
				27CFC74A192F81F400265B92 /* Release */,
			);
			defaultConfigurationIsVisible = 0;
		};
/* End XCConfigurationList section */
	};
	rootObject = 27CFC708192F81F200265B92 /* Project object */;
}
